// !$*UTF8*$!
{
	archiveVersion = 1;
	classes = {
	};
	objectVersion = 50;
	objects = {

/* Begin PBXBuildFile section */
		10FC43EA25B84B72006CFFE7 /* SOS_TestApp.swift in Sources */ = {isa = PBXBuildFile; fileRef = 10FC43E925B84B72006CFFE7 /* SOS_TestApp.swift */; };
		10FC43EC25B84B72006CFFE7 /* ContentView.swift in Sources */ = {isa = PBXBuildFile; fileRef = 10FC43EB25B84B72006CFFE7 /* ContentView.swift */; };
		10FC43EE25B84B77006CFFE7 /* Assets.xcassets in Resources */ = {isa = PBXBuildFile; fileRef = 10FC43ED25B84B77006CFFE7 /* Assets.xcassets */; };
		10FC43F125B84B77006CFFE7 /* Preview Assets.xcassets in Resources */ = {isa = PBXBuildFile; fileRef = 10FC43F025B84B77006CFFE7 /* Preview Assets.xcassets */; };
		10FC43FC25B84B77006CFFE7 /* SOS_TestTests.swift in Sources */ = {isa = PBXBuildFile; fileRef = 10FC43FB25B84B77006CFFE7 /* SOS_TestTests.swift */; };
		10FC440725B84B77006CFFE7 /* SOS_TestUITests.swift in Sources */ = {isa = PBXBuildFile; fileRef = 10FC440625B84B77006CFFE7 /* SOS_TestUITests.swift */; };
/* End PBXBuildFile section */

/* Begin PBXContainerItemProxy section */
		10FC43F825B84B77006CFFE7 /* PBXContainerItemProxy */ = {
			isa = PBXContainerItemProxy;
			containerPortal = 10FC43DE25B84B72006CFFE7 /* Project object */;
			proxyType = 1;
			remoteGlobalIDString = 10FC43E525B84B72006CFFE7;
			remoteInfo = "SOS-Test";
		};
		10FC440325B84B77006CFFE7 /* PBXContainerItemProxy */ = {
			isa = PBXContainerItemProxy;
			containerPortal = 10FC43DE25B84B72006CFFE7 /* Project object */;
			proxyType = 1;
			remoteGlobalIDString = 10FC43E525B84B72006CFFE7;
			remoteInfo = "SOS-Test";
		};
/* End PBXContainerItemProxy section */

/* Begin PBXFileReference section */
		10FC43E625B84B72006CFFE7 /* SOS-Test.app */ = {isa = PBXFileReference; explicitFileType = wrapper.application; includeInIndex = 0; path = "SOS-Test.app"; sourceTree = BUILT_PRODUCTS_DIR; };
		10FC43E925B84B72006CFFE7 /* SOS_TestApp.swift */ = {isa = PBXFileReference; lastKnownFileType = sourcecode.swift; path = SOS_TestApp.swift; sourceTree = "<group>"; };
		10FC43EB25B84B72006CFFE7 /* ContentView.swift */ = {isa = PBXFileReference; lastKnownFileType = sourcecode.swift; path = ContentView.swift; sourceTree = "<group>"; };
		10FC43ED25B84B77006CFFE7 /* Assets.xcassets */ = {isa = PBXFileReference; lastKnownFileType = folder.assetcatalog; path = Assets.xcassets; sourceTree = "<group>"; };
		10FC43F025B84B77006CFFE7 /* Preview Assets.xcassets */ = {isa = PBXFileReference; lastKnownFileType = folder.assetcatalog; path = "Preview Assets.xcassets"; sourceTree = "<group>"; };
		10FC43F225B84B77006CFFE7 /* Info.plist */ = {isa = PBXFileReference; lastKnownFileType = text.plist.xml; path = Info.plist; sourceTree = "<group>"; };
		10FC43F725B84B77006CFFE7 /* SOS-TestTests.xctest */ = {isa = PBXFileReference; explicitFileType = wrapper.cfbundle; includeInIndex = 0; path = "SOS-TestTests.xctest"; sourceTree = BUILT_PRODUCTS_DIR; };
		10FC43FB25B84B77006CFFE7 /* SOS_TestTests.swift */ = {isa = PBXFileReference; lastKnownFileType = sourcecode.swift; path = SOS_TestTests.swift; sourceTree = "<group>"; };
		10FC43FD25B84B77006CFFE7 /* Info.plist */ = {isa = PBXFileReference; lastKnownFileType = text.plist.xml; path = Info.plist; sourceTree = "<group>"; };
		10FC440225B84B77006CFFE7 /* SOS-TestUITests.xctest */ = {isa = PBXFileReference; explicitFileType = wrapper.cfbundle; includeInIndex = 0; path = "SOS-TestUITests.xctest"; sourceTree = BUILT_PRODUCTS_DIR; };
		10FC440625B84B77006CFFE7 /* SOS_TestUITests.swift */ = {isa = PBXFileReference; lastKnownFileType = sourcecode.swift; path = SOS_TestUITests.swift; sourceTree = "<group>"; };
		10FC440825B84B77006CFFE7 /* Info.plist */ = {isa = PBXFileReference; lastKnownFileType = text.plist.xml; path = Info.plist; sourceTree = "<group>"; };
/* End PBXFileReference section */

/* Begin PBXFrameworksBuildPhase section */
		10FC43E325B84B72006CFFE7 /* Frameworks */ = {
			isa = PBXFrameworksBuildPhase;
			buildActionMask = 2147483647;
			files = (
			);
			runOnlyForDeploymentPostprocessing = 0;
		};
		10FC43F425B84B77006CFFE7 /* Frameworks */ = {
			isa = PBXFrameworksBuildPhase;
			buildActionMask = 2147483647;
			files = (
			);
			runOnlyForDeploymentPostprocessing = 0;
		};
		10FC43FF25B84B77006CFFE7 /* Frameworks */ = {
			isa = PBXFrameworksBuildPhase;
			buildActionMask = 2147483647;
			files = (
			);
			runOnlyForDeploymentPostprocessing = 0;
		};
/* End PBXFrameworksBuildPhase section */

/* Begin PBXGroup section */
		10FC43DD25B84B72006CFFE7 = {
			isa = PBXGroup;
			children = (
				10FC43E825B84B72006CFFE7 /* SOS-Test */,
				10FC43FA25B84B77006CFFE7 /* SOS-TestTests */,
				10FC440525B84B77006CFFE7 /* SOS-TestUITests */,
				10FC43E725B84B72006CFFE7 /* Products */,
			);
			sourceTree = "<group>";
		};
		10FC43E725B84B72006CFFE7 /* Products */ = {
			isa = PBXGroup;
			children = (
				10FC43E625B84B72006CFFE7 /* SOS-Test.app */,
				10FC43F725B84B77006CFFE7 /* SOS-TestTests.xctest */,
				10FC440225B84B77006CFFE7 /* SOS-TestUITests.xctest */,
			);
			name = Products;
			sourceTree = "<group>";
		};
		10FC43E825B84B72006CFFE7 /* SOS-Test */ = {
			isa = PBXGroup;
			children = (
				10FC43E925B84B72006CFFE7 /* SOS_TestApp.swift */,
				10FC43EB25B84B72006CFFE7 /* ContentView.swift */,
				10FC43ED25B84B77006CFFE7 /* Assets.xcassets */,
				10FC43F225B84B77006CFFE7 /* Info.plist */,
				10FC43EF25B84B77006CFFE7 /* Preview Content */,
			);
			path = "SOS-Test";
			sourceTree = "<group>";
		};
		10FC43EF25B84B77006CFFE7 /* Preview Content */ = {
			isa = PBXGroup;
			children = (
				10FC43F025B84B77006CFFE7 /* Preview Assets.xcassets */,
			);
			path = "Preview Content";
			sourceTree = "<group>";
		};
		10FC43FA25B84B77006CFFE7 /* SOS-TestTests */ = {
			isa = PBXGroup;
			children = (
				10FC43FB25B84B77006CFFE7 /* SOS_TestTests.swift */,
				10FC43FD25B84B77006CFFE7 /* Info.plist */,
			);
			path = "SOS-TestTests";
			sourceTree = "<group>";
		};
		10FC440525B84B77006CFFE7 /* SOS-TestUITests */ = {
			isa = PBXGroup;
			children = (
				10FC440625B84B77006CFFE7 /* SOS_TestUITests.swift */,
				10FC440825B84B77006CFFE7 /* Info.plist */,
			);
			path = "SOS-TestUITests";
			sourceTree = "<group>";
		};
/* End PBXGroup section */

/* Begin PBXNativeTarget section */
		10FC43E525B84B72006CFFE7 /* SOS-Test */ = {
			isa = PBXNativeTarget;
			buildConfigurationList = 10FC440B25B84B77006CFFE7 /* Build configuration list for PBXNativeTarget "SOS-Test" */;
			buildPhases = (
				10FC43E225B84B72006CFFE7 /* Sources */,
				10FC43E325B84B72006CFFE7 /* Frameworks */,
				10FC43E425B84B72006CFFE7 /* Resources */,
			);
			buildRules = (
			);
			dependencies = (
			);
			name = "SOS-Test";
			productName = "SOS-Test";
			productReference = 10FC43E625B84B72006CFFE7 /* SOS-Test.app */;
			productType = "com.apple.product-type.application";
		};
		10FC43F625B84B77006CFFE7 /* SOS-TestTests */ = {
			isa = PBXNativeTarget;
			buildConfigurationList = 10FC440E25B84B77006CFFE7 /* Build configuration list for PBXNativeTarget "SOS-TestTests" */;
			buildPhases = (
				10FC43F325B84B77006CFFE7 /* Sources */,
				10FC43F425B84B77006CFFE7 /* Frameworks */,
				10FC43F525B84B77006CFFE7 /* Resources */,
			);
			buildRules = (
			);
			dependencies = (
				10FC43F925B84B77006CFFE7 /* PBXTargetDependency */,
			);
			name = "SOS-TestTests";
			productName = "SOS-TestTests";
			productReference = 10FC43F725B84B77006CFFE7 /* SOS-TestTests.xctest */;
			productType = "com.apple.product-type.bundle.unit-test";
		};
		10FC440125B84B77006CFFE7 /* SOS-TestUITests */ = {
			isa = PBXNativeTarget;
			buildConfigurationList = 10FC441125B84B77006CFFE7 /* Build configuration list for PBXNativeTarget "SOS-TestUITests" */;
			buildPhases = (
				10FC43FE25B84B77006CFFE7 /* Sources */,
				10FC43FF25B84B77006CFFE7 /* Frameworks */,
				10FC440025B84B77006CFFE7 /* Resources */,
			);
			buildRules = (
			);
			dependencies = (
				10FC440425B84B77006CFFE7 /* PBXTargetDependency */,
			);
			name = "SOS-TestUITests";
			productName = "SOS-TestUITests";
			productReference = 10FC440225B84B77006CFFE7 /* SOS-TestUITests.xctest */;
			productType = "com.apple.product-type.bundle.ui-testing";
		};
/* End PBXNativeTarget section */

/* Begin PBXProject section */
		10FC43DE25B84B72006CFFE7 /* Project object */ = {
			isa = PBXProject;
			attributes = {
				LastSwiftUpdateCheck = 1230;
				LastUpgradeCheck = 1230;
				TargetAttributes = {
					10FC43E525B84B72006CFFE7 = {
						CreatedOnToolsVersion = 12.3;
					};
					10FC43F625B84B77006CFFE7 = {
						CreatedOnToolsVersion = 12.3;
						TestTargetID = 10FC43E525B84B72006CFFE7;
					};
					10FC440125B84B77006CFFE7 = {
						CreatedOnToolsVersion = 12.3;
						TestTargetID = 10FC43E525B84B72006CFFE7;
					};
				};
			};
			buildConfigurationList = 10FC43E125B84B72006CFFE7 /* Build configuration list for PBXProject "SOS-Test" */;
			compatibilityVersion = "Xcode 9.3";
			developmentRegion = en;
			hasScannedForEncodings = 0;
			knownRegions = (
				en,
				Base,
			);
			mainGroup = 10FC43DD25B84B72006CFFE7;
			productRefGroup = 10FC43E725B84B72006CFFE7 /* Products */;
			projectDirPath = "";
			projectRoot = "";
			targets = (
				10FC43E525B84B72006CFFE7 /* SOS-Test */,
				10FC43F625B84B77006CFFE7 /* SOS-TestTests */,
				10FC440125B84B77006CFFE7 /* SOS-TestUITests */,
			);
		};
/* End PBXProject section */

/* Begin PBXResourcesBuildPhase section */
		10FC43E425B84B72006CFFE7 /* Resources */ = {
			isa = PBXResourcesBuildPhase;
			buildActionMask = 2147483647;
			files = (
				10FC43F125B84B77006CFFE7 /* Preview Assets.xcassets in Resources */,
				10FC43EE25B84B77006CFFE7 /* Assets.xcassets in Resources */,
			);
			runOnlyForDeploymentPostprocessing = 0;
		};
		10FC43F525B84B77006CFFE7 /* Resources */ = {
			isa = PBXResourcesBuildPhase;
			buildActionMask = 2147483647;
			files = (
			);
			runOnlyForDeploymentPostprocessing = 0;
		};
		10FC440025B84B77006CFFE7 /* Resources */ = {
			isa = PBXResourcesBuildPhase;
			buildActionMask = 2147483647;
			files = (
			);
			runOnlyForDeploymentPostprocessing = 0;
		};
/* End PBXResourcesBuildPhase section */

/* Begin PBXSourcesBuildPhase section */
		10FC43E225B84B72006CFFE7 /* Sources */ = {
			isa = PBXSourcesBuildPhase;
			buildActionMask = 2147483647;
			files = (
				10FC43EC25B84B72006CFFE7 /* ContentView.swift in Sources */,
				10FC43EA25B84B72006CFFE7 /* SOS_TestApp.swift in Sources */,
			);
			runOnlyForDeploymentPostprocessing = 0;
		};
		10FC43F325B84B77006CFFE7 /* Sources */ = {
			isa = PBXSourcesBuildPhase;
			buildActionMask = 2147483647;
			files = (
				10FC43FC25B84B77006CFFE7 /* SOS_TestTests.swift in Sources */,
			);
			runOnlyForDeploymentPostprocessing = 0;
		};
		10FC43FE25B84B77006CFFE7 /* Sources */ = {
			isa = PBXSourcesBuildPhase;
			buildActionMask = 2147483647;
			files = (
				10FC440725B84B77006CFFE7 /* SOS_TestUITests.swift in Sources */,
			);
			runOnlyForDeploymentPostprocessing = 0;
		};
/* End PBXSourcesBuildPhase section */

/* Begin PBXTargetDependency section */
		10FC43F925B84B77006CFFE7 /* PBXTargetDependency */ = {
			isa = PBXTargetDependency;
			target = 10FC43E525B84B72006CFFE7 /* SOS-Test */;
			targetProxy = 10FC43F825B84B77006CFFE7 /* PBXContainerItemProxy */;
		};
		10FC440425B84B77006CFFE7 /* PBXTargetDependency */ = {
			isa = PBXTargetDependency;
			target = 10FC43E525B84B72006CFFE7 /* SOS-Test */;
			targetProxy = 10FC440325B84B77006CFFE7 /* PBXContainerItemProxy */;
		};
/* End PBXTargetDependency section */

/* Begin XCBuildConfiguration section */
		10FC440925B84B77006CFFE7 /* Debug */ = {
			isa = XCBuildConfiguration;
			buildSettings = {
				ALWAYS_SEARCH_USER_PATHS = NO;
				CLANG_ANALYZER_NONNULL = YES;
				CLANG_ANALYZER_NUMBER_OBJECT_CONVERSION = YES_AGGRESSIVE;
				CLANG_CXX_LANGUAGE_STANDARD = "gnu++14";
				CLANG_CXX_LIBRARY = "libc++";
				CLANG_ENABLE_MODULES = YES;
				CLANG_ENABLE_OBJC_ARC = YES;
				CLANG_ENABLE_OBJC_WEAK = YES;
				CLANG_WARN_BLOCK_CAPTURE_AUTORELEASING = YES;
				CLANG_WARN_BOOL_CONVERSION = YES;
				CLANG_WARN_COMMA = YES;
				CLANG_WARN_CONSTANT_CONVERSION = YES;
				CLANG_WARN_DEPRECATED_OBJC_IMPLEMENTATIONS = YES;
				CLANG_WARN_DIRECT_OBJC_ISA_USAGE = YES_ERROR;
				CLANG_WARN_DOCUMENTATION_COMMENTS = YES;
				CLANG_WARN_EMPTY_BODY = YES;
				CLANG_WARN_ENUM_CONVERSION = YES;
				CLANG_WARN_INFINITE_RECURSION = YES;
				CLANG_WARN_INT_CONVERSION = YES;
				CLANG_WARN_NON_LITERAL_NULL_CONVERSION = YES;
				CLANG_WARN_OBJC_IMPLICIT_RETAIN_SELF = YES;
				CLANG_WARN_OBJC_LITERAL_CONVERSION = YES;
				CLANG_WARN_OBJC_ROOT_CLASS = YES_ERROR;
				CLANG_WARN_QUOTED_INCLUDE_IN_FRAMEWORK_HEADER = YES;
				CLANG_WARN_RANGE_LOOP_ANALYSIS = YES;
				CLANG_WARN_STRICT_PROTOTYPES = YES;
				CLANG_WARN_SUSPICIOUS_MOVE = YES;
				CLANG_WARN_UNGUARDED_AVAILABILITY = YES_AGGRESSIVE;
				CLANG_WARN_UNREACHABLE_CODE = YES;
				CLANG_WARN__DUPLICATE_METHOD_MATCH = YES;
				COPY_PHASE_STRIP = NO;
				DEBUG_INFORMATION_FORMAT = dwarf;
				ENABLE_STRICT_OBJC_MSGSEND = YES;
				ENABLE_TESTABILITY = YES;
				GCC_C_LANGUAGE_STANDARD = gnu11;
				GCC_DYNAMIC_NO_PIC = NO;
				GCC_NO_COMMON_BLOCKS = YES;
				GCC_OPTIMIZATION_LEVEL = 0;
				GCC_PREPROCESSOR_DEFINITIONS = (
					"DEBUG=1",
					"$(inherited)",
				);
				GCC_WARN_64_TO_32_BIT_CONVERSION = YES;
				GCC_WARN_ABOUT_RETURN_TYPE = YES_ERROR;
				GCC_WARN_UNDECLARED_SELECTOR = YES;
				GCC_WARN_UNINITIALIZED_AUTOS = YES_AGGRESSIVE;
				GCC_WARN_UNUSED_FUNCTION = YES;
				GCC_WARN_UNUSED_VARIABLE = YES;
				IPHONEOS_DEPLOYMENT_TARGET = 14.3;
				MTL_ENABLE_DEBUG_INFO = INCLUDE_SOURCE;
				MTL_FAST_MATH = YES;
				ONLY_ACTIVE_ARCH = YES;
				SDKROOT = iphoneos;
				SWIFT_ACTIVE_COMPILATION_CONDITIONS = DEBUG;
				SWIFT_OPTIMIZATION_LEVEL = "-Onone";
			};
			name = Debug;
		};
		10FC440A25B84B77006CFFE7 /* Release */ = {
			isa = XCBuildConfiguration;
			buildSettings = {
				ALWAYS_SEARCH_USER_PATHS = NO;
				CLANG_ANALYZER_NONNULL = YES;
				CLANG_ANALYZER_NUMBER_OBJECT_CONVERSION = YES_AGGRESSIVE;
				CLANG_CXX_LANGUAGE_STANDARD = "gnu++14";
				CLANG_CXX_LIBRARY = "libc++";
				CLANG_ENABLE_MODULES = YES;
				CLANG_ENABLE_OBJC_ARC = YES;
				CLANG_ENABLE_OBJC_WEAK = YES;
				CLANG_WARN_BLOCK_CAPTURE_AUTORELEASING = YES;
				CLANG_WARN_BOOL_CONVERSION = YES;
				CLANG_WARN_COMMA = YES;
				CLANG_WARN_CONSTANT_CONVERSION = YES;
				CLANG_WARN_DEPRECATED_OBJC_IMPLEMENTATIONS = YES;
				CLANG_WARN_DIRECT_OBJC_ISA_USAGE = YES_ERROR;
				CLANG_WARN_DOCUMENTATION_COMMENTS = YES;
				CLANG_WARN_EMPTY_BODY = YES;
				CLANG_WARN_ENUM_CONVERSION = YES;
				CLANG_WARN_INFINITE_RECURSION = YES;
				CLANG_WARN_INT_CONVERSION = YES;
				CLANG_WARN_NON_LITERAL_NULL_CONVERSION = YES;
				CLANG_WARN_OBJC_IMPLICIT_RETAIN_SELF = YES;
				CLANG_WARN_OBJC_LITERAL_CONVERSION = YES;
				CLANG_WARN_OBJC_ROOT_CLASS = YES_ERROR;
				CLANG_WARN_QUOTED_INCLUDE_IN_FRAMEWORK_HEADER = YES;
				CLANG_WARN_RANGE_LOOP_ANALYSIS = YES;
				CLANG_WARN_STRICT_PROTOTYPES = YES;
				CLANG_WARN_SUSPICIOUS_MOVE = YES;
				CLANG_WARN_UNGUARDED_AVAILABILITY = YES_AGGRESSIVE;
				CLANG_WARN_UNREACHABLE_CODE = YES;
				CLANG_WARN__DUPLICATE_METHOD_MATCH = YES;
				COPY_PHASE_STRIP = NO;
				DEBUG_INFORMATION_FORMAT = "dwarf-with-dsym";
				ENABLE_NS_ASSERTIONS = NO;
				ENABLE_STRICT_OBJC_MSGSEND = YES;
				GCC_C_LANGUAGE_STANDARD = gnu11;
				GCC_NO_COMMON_BLOCKS = YES;
				GCC_WARN_64_TO_32_BIT_CONVERSION = YES;
				GCC_WARN_ABOUT_RETURN_TYPE = YES_ERROR;
				GCC_WARN_UNDECLARED_SELECTOR = YES;
				GCC_WARN_UNINITIALIZED_AUTOS = YES_AGGRESSIVE;
				GCC_WARN_UNUSED_FUNCTION = YES;
				GCC_WARN_UNUSED_VARIABLE = YES;
				IPHONEOS_DEPLOYMENT_TARGET = 14.3;
				MTL_ENABLE_DEBUG_INFO = NO;
				MTL_FAST_MATH = YES;
				SDKROOT = iphoneos;
				SWIFT_COMPILATION_MODE = wholemodule;
				SWIFT_OPTIMIZATION_LEVEL = "-O";
				VALIDATE_PRODUCT = YES;
			};
			name = Release;
		};
		10FC440C25B84B77006CFFE7 /* Debug */ = {
			isa = XCBuildConfiguration;
			buildSettings = {
				ASSETCATALOG_COMPILER_APPICON_NAME = AppIcon;
				ASSETCATALOG_COMPILER_GLOBAL_ACCENT_COLOR_NAME = AccentColor;
				CODE_SIGN_STYLE = Automatic;
				DEVELOPMENT_ASSET_PATHS = "\"SOS-Test/Preview Content\"";
				DEVELOPMENT_TEAM = KK99R5424Q;
				ENABLE_PREVIEWS = YES;
				INFOPLIST_FILE = "SOS-Test/Info.plist";
				IPHONEOS_DEPLOYMENT_TARGET = 14.0;
				LD_RUNPATH_SEARCH_PATHS = (
					"$(inherited)",
					"@executable_path/Frameworks",
				);
				PRODUCT_BUNDLE_IDENTIFIER = "Joshua-Retallick.SOS-Test";
				PRODUCT_NAME = "$(TARGET_NAME)";
				SWIFT_VERSION = 5.0;
				TARGETED_DEVICE_FAMILY = "1,2";
			};
			name = Debug;
		};
		10FC440D25B84B77006CFFE7 /* Release */ = {
			isa = XCBuildConfiguration;
			buildSettings = {
				ASSETCATALOG_COMPILER_APPICON_NAME = AppIcon;
				ASSETCATALOG_COMPILER_GLOBAL_ACCENT_COLOR_NAME = AccentColor;
				CODE_SIGN_STYLE = Automatic;
				DEVELOPMENT_ASSET_PATHS = "\"SOS-Test/Preview Content\"";
				DEVELOPMENT_TEAM = KK99R5424Q;
				ENABLE_PREVIEWS = YES;
				INFOPLIST_FILE = "SOS-Test/Info.plist";
				IPHONEOS_DEPLOYMENT_TARGET = 14.0;
				LD_RUNPATH_SEARCH_PATHS = (
					"$(inherited)",
					"@executable_path/Frameworks",
				);
				PRODUCT_BUNDLE_IDENTIFIER = "Joshua-Retallick.SOS-Test";
				PRODUCT_NAME = "$(TARGET_NAME)";
				SWIFT_VERSION = 5.0;
				TARGETED_DEVICE_FAMILY = "1,2";
			};
			name = Release;
		};
		10FC440F25B84B77006CFFE7 /* Debug */ = {
			isa = XCBuildConfiguration;
			buildSettings = {
				ALWAYS_EMBED_SWIFT_STANDARD_LIBRARIES = YES;
				BUNDLE_LOADER = "$(TEST_HOST)";
				CODE_SIGN_STYLE = Automatic;
				DEVELOPMENT_TEAM = KK99R5424Q;
				INFOPLIST_FILE = "SOS-TestTests/Info.plist";
				IPHONEOS_DEPLOYMENT_TARGET = 14.0;
				LD_RUNPATH_SEARCH_PATHS = (
					"$(inherited)",
					"@executable_path/Frameworks",
					"@loader_path/Frameworks",
				);
				PRODUCT_BUNDLE_IDENTIFIER = "Joshua-Retallick.SOS-TestTests";
				PRODUCT_NAME = "$(TARGET_NAME)";
				SWIFT_VERSION = 5.0;
				TARGETED_DEVICE_FAMILY = "1,2";
				TEST_HOST = "$(BUILT_PRODUCTS_DIR)/SOS-Test.app/SOS-Test";
			};
			name = Debug;
		};
		10FC441025B84B77006CFFE7 /* Release */ = {
			isa = XCBuildConfiguration;
			buildSettings = {
				ALWAYS_EMBED_SWIFT_STANDARD_LIBRARIES = YES;
				BUNDLE_LOADER = "$(TEST_HOST)";
				CODE_SIGN_STYLE = Automatic;
				DEVELOPMENT_TEAM = KK99R5424Q;
				INFOPLIST_FILE = "SOS-TestTests/Info.plist";
				IPHONEOS_DEPLOYMENT_TARGET = 14.0;
				LD_RUNPATH_SEARCH_PATHS = (
					"$(inherited)",
					"@executable_path/Frameworks",
					"@loader_path/Frameworks",
				);
				PRODUCT_BUNDLE_IDENTIFIER = "Joshua-Retallick.SOS-TestTests";
				PRODUCT_NAME = "$(TARGET_NAME)";
				SWIFT_VERSION = 5.0;
				TARGETED_DEVICE_FAMILY = "1,2";
				TEST_HOST = "$(BUILT_PRODUCTS_DIR)/SOS-Test.app/SOS-Test";
			};
			name = Release;
		};
		10FC441225B84B77006CFFE7 /* Debug */ = {
			isa = XCBuildConfiguration;
			buildSettings = {
				ALWAYS_EMBED_SWIFT_STANDARD_LIBRARIES = YES;
				CODE_SIGN_STYLE = Automatic;
				DEVELOPMENT_TEAM = KK99R5424Q;
				INFOPLIST_FILE = "SOS-TestUITests/Info.plist";
				LD_RUNPATH_SEARCH_PATHS = (
					"$(inherited)",
					"@executable_path/Frameworks",
					"@loader_path/Frameworks",
				);
				PRODUCT_BUNDLE_IDENTIFIER = "Joshua-Retallick.SOS-TestUITests";
				PRODUCT_NAME = "$(TARGET_NAME)";
				SWIFT_VERSION = 5.0;
				TARGETED_DEVICE_FAMILY = "1,2";
				TEST_TARGET_NAME = "SOS-Test";
			};
			name = Debug;
		};
		10FC441325B84B77006CFFE7 /* Release */ = {
			isa = XCBuildConfiguration;
			buildSettings = {
				ALWAYS_EMBED_SWIFT_STANDARD_LIBRARIES = YES;
				CODE_SIGN_STYLE = Automatic;
				DEVELOPMENT_TEAM = KK99R5424Q;
				INFOPLIST_FILE = "SOS-TestUITests/Info.plist";
				LD_RUNPATH_SEARCH_PATHS = (
					"$(inherited)",
					"@executable_path/Frameworks",
					"@loader_path/Frameworks",
				);
				PRODUCT_BUNDLE_IDENTIFIER = "Joshua-Retallick.SOS-TestUITests";
				PRODUCT_NAME = "$(TARGET_NAME)";
				SWIFT_VERSION = 5.0;
				TARGETED_DEVICE_FAMILY = "1,2";
				TEST_TARGET_NAME = "SOS-Test";
			};
			name = Release;
		};
/* End XCBuildConfiguration section */

/* Begin XCConfigurationList section */
		10FC43E125B84B72006CFFE7 /* Build configuration list for PBXProject "SOS-Test" */ = {
			isa = XCConfigurationList;
			buildConfigurations = (
				10FC440925B84B77006CFFE7 /* Debug */,
				10FC440A25B84B77006CFFE7 /* Release */,
			);
			defaultConfigurationIsVisible = 0;
			defaultConfigurationName = Release;
		};
		10FC440B25B84B77006CFFE7 /* Build configuration list for PBXNativeTarget "SOS-Test" */ = {
			isa = XCConfigurationList;
			buildConfigurations = (
				10FC440C25B84B77006CFFE7 /* Debug */,
				10FC440D25B84B77006CFFE7 /* Release */,
			);
			defaultConfigurationIsVisible = 0;
			defaultConfigurationName = Release;
		};
		10FC440E25B84B77006CFFE7 /* Build configuration list for PBXNativeTarget "SOS-TestTests" */ = {
			isa = XCConfigurationList;
			buildConfigurations = (
				10FC440F25B84B77006CFFE7 /* Debug */,
				10FC441025B84B77006CFFE7 /* Release */,
			);
			defaultConfigurationIsVisible = 0;
			defaultConfigurationName = Release;
		};
		10FC441125B84B77006CFFE7 /* Build configuration list for PBXNativeTarget "SOS-TestUITests" */ = {
			isa = XCConfigurationList;
			buildConfigurations = (
				10FC441225B84B77006CFFE7 /* Debug */,
				10FC441325B84B77006CFFE7 /* Release */,
			);
			defaultConfigurationIsVisible = 0;
			defaultConfigurationName = Release;
		};
/* End XCConfigurationList section */
	};
	rootObject = 10FC43DE25B84B72006CFFE7 /* Project object */;
}
